
Microsoft Visual Studio Solution File, Format Version 12.00
# Visual Studio 15
VisualStudioVersion = 15.0.27428.2015
MinimumVisualStudioVersion = 10.0.40219.1
Project("{FAE04EC0-301F-11D3-BF4B-00C04F79EFBC}") = "Laboratory Management System", "Laboratory Management System\Laboratory Management System.csproj", "{7EC71CB4-77C1-4C78-91F8-7256C087C1BB}"
EndProject
Global
	GlobalSection(SolutionConfigurationPlatforms) = preSolution
		Debug|Any CPU = Debug|Any CPU
		Release|Any CPU = Release|Any CPU
	EndGlobalSection
	GlobalSection(ProjectConfigurationPlatforms) = postSolution
		{7EC71CB4-77C1-4C78-91F8-7256C087C1BB}.Debug|Any CPU.ActiveCfg = Debug|Any CPU
		{7EC71CB4-77C1-4C78-91F8-7256C087C1BB}.Debug|Any CPU.Build.0 = Debug|Any CPU
		{7EC71CB4-77C1-4C78-91F8-7256C087C1BB}.Release|Any CPU.ActiveCfg = Release|Any CPU
		{7EC71CB4-77C1-4C78-91F8-7256C087C1BB}.Release|Any CPU.Build.0 = Release|Any CPU
	EndGlobalSection
	GlobalSection(SolutionProperties) = preSolution
		HideSolutionNode = FALSE
	EndGlobalSection
	GlobalSection(ExtensibilityGlobals) = postSolution
		SolutionGuid = {6F1C3AB9-9640-407D-8CDA-BE5480E5AFB5}
	EndGlobalSection
EndGlobal
